// !$*UTF8*$!
{
	archiveVersion = 1;
	classes = {
	};
	objectVersion = 56;
	objects = {

/* Begin PBXBuildFile section */
		CE0AC6D2293E3850007BDD85 /* SettingsViewController.swift in Sources */ = {isa = PBXBuildFile; fileRef = CE0AC6D1293E3850007BDD85 /* SettingsViewController.swift */; };
		CE0AC6D6293FBE26007BDD85 /* Alert.swift in Sources */ = {isa = PBXBuildFile; fileRef = CE0AC6D5293FBE26007BDD85 /* Alert.swift */; };
		CE1DD81D292CDE1000770964 /* TransporentView.swift in Sources */ = {isa = PBXBuildFile; fileRef = CE1DD81C292CDE1000770964 /* TransporentView.swift */; };
		CE2294F62910DF6B007CE8C1 /* CalendarViewController.swift in Sources */ = {isa = PBXBuildFile; fileRef = CE2294F52910DF6B007CE8C1 /* CalendarViewController.swift */; };
		CE2294F82910E2D3007CE8C1 /* AdditionViewController.swift in Sources */ = {isa = PBXBuildFile; fileRef = CE2294F72910E2D3007CE8C1 /* AdditionViewController.swift */; };
		CE2294FD29115AAD007CE8C1 /* FSCalendar in Frameworks */ = {isa = PBXBuildFile; productRef = CE2294FC29115AAD007CE8C1 /* FSCalendar */; };
		CE238BA82910075B00B40540 /* AppDelegate.swift in Sources */ = {isa = PBXBuildFile; fileRef = CE238BA72910075B00B40540 /* AppDelegate.swift */; };
		CE238BAA2910075B00B40540 /* SceneDelegate.swift in Sources */ = {isa = PBXBuildFile; fileRef = CE238BA92910075B00B40540 /* SceneDelegate.swift */; };
		CE238BAF2910075B00B40540 /* Main.storyboard in Resources */ = {isa = PBXBuildFile; fileRef = CE238BAD2910075B00B40540 /* Main.storyboard */; };
		CE238BB12910075D00B40540 /* Assets.xcassets in Resources */ = {isa = PBXBuildFile; fileRef = CE238BB02910075D00B40540 /* Assets.xcassets */; };
		CE238BB42910075D00B40540 /* LaunchScreen.storyboard in Resources */ = {isa = PBXBuildFile; fileRef = CE238BB22910075D00B40540 /* LaunchScreen.storyboard */; };
		CE28BA63291E952000A0D631 /* EventViewController.swift in Sources */ = {isa = PBXBuildFile; fileRef = CE28BA62291E952000A0D631 /* EventViewController.swift */; };
		CE28BA66291EAE2400A0D631 /* TeamMemberCell.swift in Sources */ = {isa = PBXBuildFile; fileRef = CE28BA64291EAE2400A0D631 /* TeamMemberCell.swift */; };
		CE28BA67291EAE2400A0D631 /* TeamMemberCell.xib in Resources */ = {isa = PBXBuildFile; fileRef = CE28BA65291EAE2400A0D631 /* TeamMemberCell.xib */; };
		CE37E5AC291E2751004FBF3B /* EventCell.swift in Sources */ = {isa = PBXBuildFile; fileRef = CE37E5AA291E2751004FBF3B /* EventCell.swift */; };
		CE37E5AD291E2751004FBF3B /* EventCell.xib in Resources */ = {isa = PBXBuildFile; fileRef = CE37E5AB291E2751004FBF3B /* EventCell.xib */; };
		CE652FEE291B1C8B00F316B9 /* SideMenu in Frameworks */ = {isa = PBXBuildFile; productRef = CE652FED291B1C8B00F316B9 /* SideMenu */; };
		CE652FF3291B24DF00F316B9 /* MenuViewController.swift in Sources */ = {isa = PBXBuildFile; fileRef = CE652FF2291B24DF00F316B9 /* MenuViewController.swift */; };
		CE998D15291ACCF600E57B84 /* AuthorizationViewController.swift in Sources */ = {isa = PBXBuildFile; fileRef = CE998D14291ACCF600E57B84 /* AuthorizationViewController.swift */; };
		CE998D17291ACD0C00E57B84 /* RegistrationViewController.swift in Sources */ = {isa = PBXBuildFile; fileRef = CE998D16291ACD0C00E57B84 /* RegistrationViewController.swift */; };
		CEB3D4262913D9B500266568 /* MenuTableViewCell.swift in Sources */ = {isa = PBXBuildFile; fileRef = CEB3D4252913D9B500266568 /* MenuTableViewCell.swift */; };
		CEDA77B22939E82C00186CF8 /* Users.swift in Sources */ = {isa = PBXBuildFile; fileRef = CEDA77B12939E82C00186CF8 /* Users.swift */; };
		CEDE20482949D9DF001F7613 /* Events.swift in Sources */ = {isa = PBXBuildFile; fileRef = CEDE20472949D9DF001F7613 /* Events.swift */; };
		CEF21CBB2937259D00930F06 /* GoogleService-Info.plist in Resources */ = {isa = PBXBuildFile; fileRef = CEF21CBA2937259D00930F06 /* GoogleService-Info.plist */; };
		CEF21CC729372B3E00930F06 /* FirebaseAnalytics in Frameworks */ = {isa = PBXBuildFile; productRef = CEF21CC629372B3E00930F06 /* FirebaseAnalytics */; };
		CEF21CC929372B5400930F06 /* FirebaseAuth in Frameworks */ = {isa = PBXBuildFile; productRef = CEF21CC829372B5400930F06 /* FirebaseAuth */; };
		CEF21CCB29372B5B00930F06 /* FirebaseDatabase in Frameworks */ = {isa = PBXBuildFile; productRef = CEF21CCA29372B5B00930F06 /* FirebaseDatabase */; };
/* End PBXBuildFile section */

/* Begin PBXFileReference section */
		CE0AC6D1293E3850007BDD85 /* SettingsViewController.swift */ = {isa = PBXFileReference; lastKnownFileType = sourcecode.swift; path = SettingsViewController.swift; sourceTree = "<group>"; };
		CE0AC6D5293FBE26007BDD85 /* Alert.swift */ = {isa = PBXFileReference; lastKnownFileType = sourcecode.swift; path = Alert.swift; sourceTree = "<group>"; };
		CE1DD81C292CDE1000770964 /* TransporentView.swift */ = {isa = PBXFileReference; lastKnownFileType = sourcecode.swift; path = TransporentView.swift; sourceTree = "<group>"; };
		CE2294F52910DF6B007CE8C1 /* CalendarViewController.swift */ = {isa = PBXFileReference; lastKnownFileType = sourcecode.swift; path = CalendarViewController.swift; sourceTree = "<group>"; };
		CE2294F72910E2D3007CE8C1 /* AdditionViewController.swift */ = {isa = PBXFileReference; lastKnownFileType = sourcecode.swift; path = AdditionViewController.swift; sourceTree = "<group>"; };
		CE238BA42910075B00B40540 /* Calendar.app */ = {isa = PBXFileReference; explicitFileType = wrapper.application; includeInIndex = 0; path = Calendar.app; sourceTree = BUILT_PRODUCTS_DIR; };
		CE238BA72910075B00B40540 /* AppDelegate.swift */ = {isa = PBXFileReference; lastKnownFileType = sourcecode.swift; path = AppDelegate.swift; sourceTree = "<group>"; };
		CE238BA92910075B00B40540 /* SceneDelegate.swift */ = {isa = PBXFileReference; lastKnownFileType = sourcecode.swift; path = SceneDelegate.swift; sourceTree = "<group>"; };
		CE238BAE2910075B00B40540 /* Base */ = {isa = PBXFileReference; lastKnownFileType = file.storyboard; name = Base; path = Base.lproj/Main.storyboard; sourceTree = "<group>"; };
		CE238BB02910075D00B40540 /* Assets.xcassets */ = {isa = PBXFileReference; lastKnownFileType = folder.assetcatalog; path = Assets.xcassets; sourceTree = "<group>"; };
		CE238BB32910075D00B40540 /* Base */ = {isa = PBXFileReference; lastKnownFileType = file.storyboard; name = Base; path = Base.lproj/LaunchScreen.storyboard; sourceTree = "<group>"; };
		CE238BB52910075D00B40540 /* Info.plist */ = {isa = PBXFileReference; lastKnownFileType = text.plist.xml; path = Info.plist; sourceTree = "<group>"; };
		CE28BA62291E952000A0D631 /* EventViewController.swift */ = {isa = PBXFileReference; lastKnownFileType = sourcecode.swift; path = EventViewController.swift; sourceTree = "<group>"; };
		CE28BA64291EAE2400A0D631 /* TeamMemberCell.swift */ = {isa = PBXFileReference; lastKnownFileType = sourcecode.swift; path = TeamMemberCell.swift; sourceTree = "<group>"; };
		CE28BA65291EAE2400A0D631 /* TeamMemberCell.xib */ = {isa = PBXFileReference; lastKnownFileType = file.xib; path = TeamMemberCell.xib; sourceTree = "<group>"; };
		CE37E5AA291E2751004FBF3B /* EventCell.swift */ = {isa = PBXFileReference; lastKnownFileType = sourcecode.swift; path = EventCell.swift; sourceTree = "<group>"; };
		CE37E5AB291E2751004FBF3B /* EventCell.xib */ = {isa = PBXFileReference; lastKnownFileType = file.xib; path = EventCell.xib; sourceTree = "<group>"; };
		CE652FF2291B24DF00F316B9 /* MenuViewController.swift */ = {isa = PBXFileReference; lastKnownFileType = sourcecode.swift; path = MenuViewController.swift; sourceTree = "<group>"; };
		CE998D14291ACCF600E57B84 /* AuthorizationViewController.swift */ = {isa = PBXFileReference; lastKnownFileType = sourcecode.swift; path = AuthorizationViewController.swift; sourceTree = "<group>"; };
		CE998D16291ACD0C00E57B84 /* RegistrationViewController.swift */ = {isa = PBXFileReference; lastKnownFileType = sourcecode.swift; path = RegistrationViewController.swift; sourceTree = "<group>"; };
		CEB3D4252913D9B500266568 /* MenuTableViewCell.swift */ = {isa = PBXFileReference; lastKnownFileType = sourcecode.swift; path = MenuTableViewCell.swift; sourceTree = "<group>"; };
		CEDA77B12939E82C00186CF8 /* Users.swift */ = {isa = PBXFileReference; lastKnownFileType = sourcecode.swift; path = Users.swift; sourceTree = "<group>"; };
		CEDE20472949D9DF001F7613 /* Events.swift */ = {isa = PBXFileReference; lastKnownFileType = sourcecode.swift; path = Events.swift; sourceTree = "<group>"; };
		CEF21CBA2937259D00930F06 /* GoogleService-Info.plist */ = {isa = PBXFileReference; fileEncoding = 4; lastKnownFileType = text.plist.xml; path = "GoogleService-Info.plist"; sourceTree = "<group>"; };
/* End PBXFileReference section */

/* Begin PBXFrameworksBuildPhase section */
		CE238BA12910075B00B40540 /* Frameworks */ = {
			isa = PBXFrameworksBuildPhase;
			buildActionMask = 2147483647;
			files = (
				CEF21CCB29372B5B00930F06 /* FirebaseDatabase in Frameworks */,
				CE652FEE291B1C8B00F316B9 /* SideMenu in Frameworks */,
				CE2294FD29115AAD007CE8C1 /* FSCalendar in Frameworks */,
				CEF21CC729372B3E00930F06 /* FirebaseAnalytics in Frameworks */,
				CEF21CC929372B5400930F06 /* FirebaseAuth in Frameworks */,
			);
			runOnlyForDeploymentPostprocessing = 0;
		};
/* End PBXFrameworksBuildPhase section */

/* Begin PBXGroup section */
		CE1DD81B292CDDD100770964 /* Subviews */ = {
			isa = PBXGroup;
			children = (
				CE1DD81C292CDE1000770964 /* TransporentView.swift */,
				CE0AC6D5293FBE26007BDD85 /* Alert.swift */,
			);
			path = Subviews;
			sourceTree = "<group>";
		};
		CE2294F22910DF2E007CE8C1 /* Interface */ = {
			isa = PBXGroup;
			children = (
				CE1DD81B292CDDD100770964 /* Subviews */,
				CE652FE9291AE91D00F316B9 /* TableCells */,
				CE2294F52910DF6B007CE8C1 /* CalendarViewController.swift */,
				CE2294F72910E2D3007CE8C1 /* AdditionViewController.swift */,
				CE998D14291ACCF600E57B84 /* AuthorizationViewController.swift */,
				CE998D16291ACD0C00E57B84 /* RegistrationViewController.swift */,
				CE652FF2291B24DF00F316B9 /* MenuViewController.swift */,
				CE28BA62291E952000A0D631 /* EventViewController.swift */,
				CE0AC6D1293E3850007BDD85 /* SettingsViewController.swift */,
			);
			path = Interface;
			sourceTree = "<group>";
		};
		CE238B9B2910075B00B40540 = {
			isa = PBXGroup;
			children = (
				CE238BA62910075B00B40540 /* Calendar */,
				CE238BA52910075B00B40540 /* Products */,
				CEF21CC529372B3E00930F06 /* Frameworks */,
			);
			sourceTree = "<group>";
		};
		CE238BA52910075B00B40540 /* Products */ = {
			isa = PBXGroup;
			children = (
				CE238BA42910075B00B40540 /* Calendar.app */,
			);
			name = Products;
			sourceTree = "<group>";
		};
		CE238BA62910075B00B40540 /* Calendar */ = {
			isa = PBXGroup;
			children = (
				CEDA77B02939E7B200186CF8 /* Database */,
				CE2294F22910DF2E007CE8C1 /* Interface */,
				CE238BA72910075B00B40540 /* AppDelegate.swift */,
				CE238BA92910075B00B40540 /* SceneDelegate.swift */,
				CE238BAD2910075B00B40540 /* Main.storyboard */,
				CE238BB02910075D00B40540 /* Assets.xcassets */,
				CE238BB22910075D00B40540 /* LaunchScreen.storyboard */,
				CEF21CBA2937259D00930F06 /* GoogleService-Info.plist */,
				CE238BB52910075D00B40540 /* Info.plist */,
			);
			path = Calendar;
			sourceTree = "<group>";
		};
		CE652FE9291AE91D00F316B9 /* TableCells */ = {
			isa = PBXGroup;
			children = (
				CEB3D4252913D9B500266568 /* MenuTableViewCell.swift */,
				CE37E5AA291E2751004FBF3B /* EventCell.swift */,
				CE37E5AB291E2751004FBF3B /* EventCell.xib */,
				CE28BA64291EAE2400A0D631 /* TeamMemberCell.swift */,
				CE28BA65291EAE2400A0D631 /* TeamMemberCell.xib */,
			);
			path = TableCells;
			sourceTree = "<group>";
		};
		CEDA77B02939E7B200186CF8 /* Database */ = {
			isa = PBXGroup;
			children = (
				CEDA77B12939E82C00186CF8 /* Users.swift */,
				CEDE20472949D9DF001F7613 /* Events.swift */,
			);
			path = Database;
			sourceTree = "<group>";
		};
		CEF21CC529372B3E00930F06 /* Frameworks */ = {
			isa = PBXGroup;
			children = (
			);
			name = Frameworks;
			sourceTree = "<group>";
		};
/* End PBXGroup section */

/* Begin PBXNativeTarget section */
		CE238BA32910075B00B40540 /* Calendar */ = {
			isa = PBXNativeTarget;
			buildConfigurationList = CE238BB82910075D00B40540 /* Build configuration list for PBXNativeTarget "Calendar" */;
			buildPhases = (
				CE238BA02910075B00B40540 /* Sources */,
				CE238BA12910075B00B40540 /* Frameworks */,
				CE238BA22910075B00B40540 /* Resources */,
			);
			buildRules = (
			);
			dependencies = (
			);
			name = Calendar;
			packageProductDependencies = (
				CE2294FC29115AAD007CE8C1 /* FSCalendar */,
				CE652FED291B1C8B00F316B9 /* SideMenu */,
				CEF21CC629372B3E00930F06 /* FirebaseAnalytics */,
				CEF21CC829372B5400930F06 /* FirebaseAuth */,
				CEF21CCA29372B5B00930F06 /* FirebaseDatabase */,
			);
			productName = Calendar;
			productReference = CE238BA42910075B00B40540 /* Calendar.app */;
			productType = "com.apple.product-type.application";
		};
/* End PBXNativeTarget section */

/* Begin PBXProject section */
		CE238B9C2910075B00B40540 /* Project object */ = {
			isa = PBXProject;
			attributes = {
				BuildIndependentTargetsInParallel = 1;
				LastSwiftUpdateCheck = 1410;
				LastUpgradeCheck = 1410;
				TargetAttributes = {
					CE238BA32910075B00B40540 = {
						CreatedOnToolsVersion = 14.1;
					};
				};
			};
			buildConfigurationList = CE238B9F2910075B00B40540 /* Build configuration list for PBXProject "Calendar" */;
			compatibilityVersion = "Xcode 14.0";
			developmentRegion = en;
			hasScannedForEncodings = 0;
			knownRegions = (
				en,
				Base,
			);
			mainGroup = CE238B9B2910075B00B40540;
			packageReferences = (
				CE2294FB29115AAD007CE8C1 /* XCRemoteSwiftPackageReference "FSCalendar" */,
				CE652FEC291B1C8A00F316B9 /* XCRemoteSwiftPackageReference "SideMenu" */,
				CEF21CBC293727AD00930F06 /* XCRemoteSwiftPackageReference "firebase-ios-sdk" */,
			);
			productRefGroup = CE238BA52910075B00B40540 /* Products */;
			projectDirPath = "";
			projectRoot = "";
			targets = (
				CE238BA32910075B00B40540 /* Calendar */,
			);
		};
/* End PBXProject section */

/* Begin PBXResourcesBuildPhase section */
		CE238BA22910075B00B40540 /* Resources */ = {
			isa = PBXResourcesBuildPhase;
			buildActionMask = 2147483647;
			files = (
				CE37E5AD291E2751004FBF3B /* EventCell.xib in Resources */,
				CE238BB42910075D00B40540 /* LaunchScreen.storyboard in Resources */,
				CE28BA67291EAE2400A0D631 /* TeamMemberCell.xib in Resources */,
				CE238BB12910075D00B40540 /* Assets.xcassets in Resources */,
				CE238BAF2910075B00B40540 /* Main.storyboard in Resources */,
				CEF21CBB2937259D00930F06 /* GoogleService-Info.plist in Resources */,
			);
			runOnlyForDeploymentPostprocessing = 0;
		};
/* End PBXResourcesBuildPhase section */

/* Begin PBXSourcesBuildPhase section */
		CE238BA02910075B00B40540 /* Sources */ = {
			isa = PBXSourcesBuildPhase;
			buildActionMask = 2147483647;
			files = (
				CE2294F62910DF6B007CE8C1 /* CalendarViewController.swift in Sources */,
				CE28BA66291EAE2400A0D631 /* TeamMemberCell.swift in Sources */,
				CEB3D4262913D9B500266568 /* MenuTableViewCell.swift in Sources */,
				CE0AC6D6293FBE26007BDD85 /* Alert.swift in Sources */,
				CE652FF3291B24DF00F316B9 /* MenuViewController.swift in Sources */,
				CE1DD81D292CDE1000770964 /* TransporentView.swift in Sources */,
				CE37E5AC291E2751004FBF3B /* EventCell.swift in Sources */,
				CEDA77B22939E82C00186CF8 /* Users.swift in Sources */,
				CE998D17291ACD0C00E57B84 /* RegistrationViewController.swift in Sources */,
				CE28BA63291E952000A0D631 /* EventViewController.swift in Sources */,
				CE0AC6D2293E3850007BDD85 /* SettingsViewController.swift in Sources */,
				CE998D15291ACCF600E57B84 /* AuthorizationViewController.swift in Sources */,
				CEDE20482949D9DF001F7613 /* Events.swift in Sources */,
				CE2294F82910E2D3007CE8C1 /* AdditionViewController.swift in Sources */,
				CE238BA82910075B00B40540 /* AppDelegate.swift in Sources */,
				CE238BAA2910075B00B40540 /* SceneDelegate.swift in Sources */,
			);
			runOnlyForDeploymentPostprocessing = 0;
		};
/* End PBXSourcesBuildPhase section */

/* Begin PBXVariantGroup section */
		CE238BAD2910075B00B40540 /* Main.storyboard */ = {
			isa = PBXVariantGroup;
			children = (
				CE238BAE2910075B00B40540 /* Base */,
			);
			name = Main.storyboard;
			sourceTree = "<group>";
		};
		CE238BB22910075D00B40540 /* LaunchScreen.storyboard */ = {
			isa = PBXVariantGroup;
			children = (
				CE238BB32910075D00B40540 /* Base */,
			);
			name = LaunchScreen.storyboard;
			sourceTree = "<group>";
		};
/* End PBXVariantGroup section */

/* Begin XCBuildConfiguration section */
		CE238BB62910075D00B40540 /* Debug */ = {
			isa = XCBuildConfiguration;
			buildSettings = {
				ALWAYS_SEARCH_USER_PATHS = NO;
				CLANG_ANALYZER_NONNULL = YES;
				CLANG_ANALYZER_NUMBER_OBJECT_CONVERSION = YES_AGGRESSIVE;
				CLANG_CXX_LANGUAGE_STANDARD = "gnu++20";
				CLANG_ENABLE_MODULES = YES;
				CLANG_ENABLE_OBJC_ARC = YES;
				CLANG_ENABLE_OBJC_WEAK = YES;
				CLANG_WARN_BLOCK_CAPTURE_AUTORELEASING = YES;
				CLANG_WARN_BOOL_CONVERSION = YES;
				CLANG_WARN_COMMA = YES;
				CLANG_WARN_CONSTANT_CONVERSION = YES;
				CLANG_WARN_DEPRECATED_OBJC_IMPLEMENTATIONS = YES;
				CLANG_WARN_DIRECT_OBJC_ISA_USAGE = YES_ERROR;
				CLANG_WARN_DOCUMENTATION_COMMENTS = YES;
				CLANG_WARN_EMPTY_BODY = YES;
				CLANG_WARN_ENUM_CONVERSION = YES;
				CLANG_WARN_INFINITE_RECURSION = YES;
				CLANG_WARN_INT_CONVERSION = YES;
				CLANG_WARN_NON_LITERAL_NULL_CONVERSION = YES;
				CLANG_WARN_OBJC_IMPLICIT_RETAIN_SELF = YES;
				CLANG_WARN_OBJC_LITERAL_CONVERSION = YES;
				CLANG_WARN_OBJC_ROOT_CLASS = YES_ERROR;
				CLANG_WARN_QUOTED_INCLUDE_IN_FRAMEWORK_HEADER = YES;
				CLANG_WARN_RANGE_LOOP_ANALYSIS = YES;
				CLANG_WARN_STRICT_PROTOTYPES = YES;
				CLANG_WARN_SUSPICIOUS_MOVE = YES;
				CLANG_WARN_UNGUARDED_AVAILABILITY = YES_AGGRESSIVE;
				CLANG_WARN_UNREACHABLE_CODE = YES;
				CLANG_WARN__DUPLICATE_METHOD_MATCH = YES;
				COPY_PHASE_STRIP = NO;
				DEBUG_INFORMATION_FORMAT = dwarf;
				ENABLE_STRICT_OBJC_MSGSEND = YES;
				ENABLE_TESTABILITY = YES;
				GCC_C_LANGUAGE_STANDARD = gnu11;
				GCC_DYNAMIC_NO_PIC = NO;
				GCC_NO_COMMON_BLOCKS = YES;
				GCC_OPTIMIZATION_LEVEL = 0;
				GCC_PREPROCESSOR_DEFINITIONS = (
					"DEBUG=1",
					"$(inherited)",
				);
				GCC_WARN_64_TO_32_BIT_CONVERSION = YES;
				GCC_WARN_ABOUT_RETURN_TYPE = YES_ERROR;
				GCC_WARN_UNDECLARED_SELECTOR = YES;
				GCC_WARN_UNINITIALIZED_AUTOS = YES_AGGRESSIVE;
				GCC_WARN_UNUSED_FUNCTION = YES;
				GCC_WARN_UNUSED_VARIABLE = YES;
				IPHONEOS_DEPLOYMENT_TARGET = 16.1;
				MTL_ENABLE_DEBUG_INFO = INCLUDE_SOURCE;
				MTL_FAST_MATH = YES;
				ONLY_ACTIVE_ARCH = YES;
				SDKROOT = iphoneos;
				SWIFT_ACTIVE_COMPILATION_CONDITIONS = DEBUG;
				SWIFT_OPTIMIZATION_LEVEL = "-Onone";
			};
			name = Debug;
		};
		CE238BB72910075D00B40540 /* Release */ = {
			isa = XCBuildConfiguration;
			buildSettings = {
				ALWAYS_SEARCH_USER_PATHS = NO;
				CLANG_ANALYZER_NONNULL = YES;
				CLANG_ANALYZER_NUMBER_OBJECT_CONVERSION = YES_AGGRESSIVE;
				CLANG_CXX_LANGUAGE_STANDARD = "gnu++20";
				CLANG_ENABLE_MODULES = YES;
				CLANG_ENABLE_OBJC_ARC = YES;
				CLANG_ENABLE_OBJC_WEAK = YES;
				CLANG_WARN_BLOCK_CAPTURE_AUTORELEASING = YES;
				CLANG_WARN_BOOL_CONVERSION = YES;
				CLANG_WARN_COMMA = YES;
				CLANG_WARN_CONSTANT_CONVERSION = YES;
				CLANG_WARN_DEPRECATED_OBJC_IMPLEMENTATIONS = YES;
				CLANG_WARN_DIRECT_OBJC_ISA_USAGE = YES_ERROR;
				CLANG_WARN_DOCUMENTATION_COMMENTS = YES;
				CLANG_WARN_EMPTY_BODY = YES;
				CLANG_WARN_ENUM_CONVERSION = YES;
				CLANG_WARN_INFINITE_RECURSION = YES;
				CLANG_WARN_INT_CONVERSION = YES;
				CLANG_WARN_NON_LITERAL_NULL_CONVERSION = YES;
				CLANG_WARN_OBJC_IMPLICIT_RETAIN_SELF = YES;
				CLANG_WARN_OBJC_LITERAL_CONVERSION = YES;
				CLANG_WARN_OBJC_ROOT_CLASS = YES_ERROR;
				CLANG_WARN_QUOTED_INCLUDE_IN_FRAMEWORK_HEADER = YES;
				CLANG_WARN_RANGE_LOOP_ANALYSIS = YES;
				CLANG_WARN_STRICT_PROTOTYPES = YES;
				CLANG_WARN_SUSPICIOUS_MOVE = YES;
				CLANG_WARN_UNGUARDED_AVAILABILITY = YES_AGGRESSIVE;
				CLANG_WARN_UNREACHABLE_CODE = YES;
				CLANG_WARN__DUPLICATE_METHOD_MATCH = YES;
				COPY_PHASE_STRIP = NO;
				DEBUG_INFORMATION_FORMAT = "dwarf-with-dsym";
				ENABLE_NS_ASSERTIONS = NO;
				ENABLE_STRICT_OBJC_MSGSEND = YES;
				GCC_C_LANGUAGE_STANDARD = gnu11;
				GCC_NO_COMMON_BLOCKS = YES;
				GCC_WARN_64_TO_32_BIT_CONVERSION = YES;
				GCC_WARN_ABOUT_RETURN_TYPE = YES_ERROR;
				GCC_WARN_UNDECLARED_SELECTOR = YES;
				GCC_WARN_UNINITIALIZED_AUTOS = YES_AGGRESSIVE;
				GCC_WARN_UNUSED_FUNCTION = YES;
				GCC_WARN_UNUSED_VARIABLE = YES;
				IPHONEOS_DEPLOYMENT_TARGET = 16.1;
				MTL_ENABLE_DEBUG_INFO = NO;
				MTL_FAST_MATH = YES;
				SDKROOT = iphoneos;
				SWIFT_COMPILATION_MODE = wholemodule;
				SWIFT_OPTIMIZATION_LEVEL = "-O";
				VALIDATE_PRODUCT = YES;
			};
			name = Release;
		};
		CE238BB92910075D00B40540 /* Debug */ = {
			isa = XCBuildConfiguration;
			buildSettings = {
				ASSETCATALOG_COMPILER_APPICON_NAME = AppIcon;
				ASSETCATALOG_COMPILER_GLOBAL_ACCENT_COLOR_NAME = AccentColor;
				CODE_SIGN_STYLE = Automatic;
				CURRENT_PROJECT_VERSION = 1;
				GENERATE_INFOPLIST_FILE = YES;
				INFOPLIST_FILE = Calendar/Info.plist;
				INFOPLIST_KEY_UIApplicationSupportsIndirectInputEvents = YES;
				INFOPLIST_KEY_UILaunchStoryboardName = LaunchScreen;
				INFOPLIST_KEY_UIMainStoryboardFile = Main;
				INFOPLIST_KEY_UISupportedInterfaceOrientations_iPad = "UIInterfaceOrientationPortrait UIInterfaceOrientationPortraitUpsideDown UIInterfaceOrientationLandscapeLeft UIInterfaceOrientationLandscapeRight";
				INFOPLIST_KEY_UISupportedInterfaceOrientations_iPhone = "UIInterfaceOrientationPortrait UIInterfaceOrientationLandscapeLeft UIInterfaceOrientationLandscapeRight";
				IPHONEOS_DEPLOYMENT_TARGET = 13.0;
				LD_RUNPATH_SEARCH_PATHS = (
					"$(inherited)",
					"@executable_path/Frameworks",
				);
				MARKETING_VERSION = 1.0;
				PRODUCT_BUNDLE_IDENTIFIER = com.hse.calendar.Calendar;
				PRODUCT_NAME = "$(TARGET_NAME)";
				SWIFT_EMIT_LOC_STRINGS = YES;
				SWIFT_VERSION = 5.0;
				TARGETED_DEVICE_FAMILY = "1,2";
			};
			name = Debug;
		};
		CE238BBA2910075D00B40540 /* Release */ = {
			isa = XCBuildConfiguration;
			buildSettings = {
				ASSETCATALOG_COMPILER_APPICON_NAME = AppIcon;
				ASSETCATALOG_COMPILER_GLOBAL_ACCENT_COLOR_NAME = AccentColor;
				CODE_SIGN_STYLE = Automatic;
				CURRENT_PROJECT_VERSION = 1;
				GENERATE_INFOPLIST_FILE = YES;
				INFOPLIST_FILE = Calendar/Info.plist;
				INFOPLIST_KEY_UIApplicationSupportsIndirectInputEvents = YES;
				INFOPLIST_KEY_UILaunchStoryboardName = LaunchScreen;
				INFOPLIST_KEY_UIMainStoryboardFile = Main;
				INFOPLIST_KEY_UISupportedInterfaceOrientations_iPad = "UIInterfaceOrientationPortrait UIInterfaceOrientationPortraitUpsideDown UIInterfaceOrientationLandscapeLeft UIInterfaceOrientationLandscapeRight";
				INFOPLIST_KEY_UISupportedInterfaceOrientations_iPhone = "UIInterfaceOrientationPortrait UIInterfaceOrientationLandscapeLeft UIInterfaceOrientationLandscapeRight";
				IPHONEOS_DEPLOYMENT_TARGET = 13.0;
				LD_RUNPATH_SEARCH_PATHS = (
					"$(inherited)",
					"@executable_path/Frameworks",
				);
				MARKETING_VERSION = 1.0;
				PRODUCT_BUNDLE_IDENTIFIER = com.hse.calendar.Calendar;
				PRODUCT_NAME = "$(TARGET_NAME)";
				SWIFT_EMIT_LOC_STRINGS = YES;
				SWIFT_VERSION = 5.0;
				TARGETED_DEVICE_FAMILY = "1,2";
			};
			name = Release;
		};
/* End XCBuildConfiguration section */

/* Begin XCConfigurationList section */
		CE238B9F2910075B00B40540 /* Build configuration list for PBXProject "Calendar" */ = {
			isa = XCConfigurationList;
			buildConfigurations = (
				CE238BB62910075D00B40540 /* Debug */,
				CE238BB72910075D00B40540 /* Release */,
			);
			defaultConfigurationIsVisible = 0;
			defaultConfigurationName = Release;
		};
		CE238BB82910075D00B40540 /* Build configuration list for PBXNativeTarget "Calendar" */ = {
			isa = XCConfigurationList;
			buildConfigurations = (
				CE238BB92910075D00B40540 /* Debug */,
				CE238BBA2910075D00B40540 /* Release */,
			);
			defaultConfigurationIsVisible = 0;
			defaultConfigurationName = Release;
		};
/* End XCConfigurationList section */

/* Begin XCRemoteSwiftPackageReference section */
		CE2294FB29115AAD007CE8C1 /* XCRemoteSwiftPackageReference "FSCalendar" */ = {
			isa = XCRemoteSwiftPackageReference;
			repositoryURL = "https://github.com/WenchaoD/FSCalendar.git";
			requirement = {
				kind = exactVersion;
				version = 2.8.4;
			};
		};
		CE652FEC291B1C8A00F316B9 /* XCRemoteSwiftPackageReference "SideMenu" */ = {
			isa = XCRemoteSwiftPackageReference;
			repositoryURL = "https://github.com/jonkykong/SideMenu.git";
			requirement = {
				kind = upToNextMajorVersion;
				minimumVersion = 6.0.0;
			};
		};
		CEF21CBC293727AD00930F06 /* XCRemoteSwiftPackageReference "firebase-ios-sdk" */ = {
			isa = XCRemoteSwiftPackageReference;
			repositoryURL = "https://github.com/firebase/firebase-ios-sdk";
			requirement = {
				kind = upToNextMinorVersion;
				minimumVersion = 9.6.0;
			};
		};
/* End XCRemoteSwiftPackageReference section */

/* Begin XCSwiftPackageProductDependency section */
		CE2294FC29115AAD007CE8C1 /* FSCalendar */ = {
			isa = XCSwiftPackageProductDependency;
			package = CE2294FB29115AAD007CE8C1 /* XCRemoteSwiftPackageReference "FSCalendar" */;
			productName = FSCalendar;
		};
		CE652FED291B1C8B00F316B9 /* SideMenu */ = {
			isa = XCSwiftPackageProductDependency;
			package = CE652FEC291B1C8A00F316B9 /* XCRemoteSwiftPackageReference "SideMenu" */;
			productName = SideMenu;
		};
		CEF21CC629372B3E00930F06 /* FirebaseAnalytics */ = {
			isa = XCSwiftPackageProductDependency;
			package = CEF21CBC293727AD00930F06 /* XCRemoteSwiftPackageReference "firebase-ios-sdk" */;
			productName = FirebaseAnalytics;
		};
		CEF21CC829372B5400930F06 /* FirebaseAuth */ = {
			isa = XCSwiftPackageProductDependency;
			package = CEF21CBC293727AD00930F06 /* XCRemoteSwiftPackageReference "firebase-ios-sdk" */;
			productName = FirebaseAuth;
		};
		CEF21CCA29372B5B00930F06 /* FirebaseDatabase */ = {
			isa = XCSwiftPackageProductDependency;
			package = CEF21CBC293727AD00930F06 /* XCRemoteSwiftPackageReference "firebase-ios-sdk" */;
			productName = FirebaseDatabase;
		};
/* End XCSwiftPackageProductDependency section */
	};
	rootObject = CE238B9C2910075B00B40540 /* Project object */;
}
